github.com/Thanhphan1147/root-mn v0.1.4 h1:oKlvVjxE9Z+I3lrGFSmp4QKp7hP3WwWzRsdX1Ec5ndQ=
github.com/Thanhphan1147/root-mn v0.1.4/go.mod h1:fyTS7IhSbJTlESba+lc8ZSZPzLXvpHS4GBKV0uk+1gI=
github.com/Thanhphan1147/root-mn v0.1.5 h1:nwAPLcHur/kdEoaehLnSVVDWHg/RFRT2BY0KC+yv8gg=
github.com/Thanhphan1147/root-mn v0.1.5/go.mod h1:fyTS7IhSbJTlESba+lc8ZSZPzLXvpHS4GBKV0uk+1gI=
github.com/Thanhphan1147/root-mn v0.1.6 h1:41aYtiRv2MRfiJzKz0dihTSuGPY2QZPUP/51MkyJ/4E=
github.com/Thanhphan1147/root-mn v0.1.6/go.mod h1:fyTS7IhSbJTlESba+lc8ZSZPzLXvpHS4GBKV0uk+1gI=
github.com/Thanhphan1147/root-mn v0.1.7 h1:mE6axuomFN/cKoSZPJLOzmGlVJyRjx2hTPAILYppQFQ=
github.com/Thanhphan1147/root-mn v0.1.7/go.mod h1:fyTS7IhSbJTlESba+lc8ZSZPzLXvpHS4GBKV0uk+1gI=
github.com/Thanhphan1147/root-mn v0.1.8 h1:GgkYsyan7WJctcH3TctptnJ7wrWKhpEoAeMk/ym6NMU=
github.com/Thanhphan1147/root-mn v0.1.8/go.mod h1:fyTS7IhSbJTlESba+lc8ZSZPzLXvpHS4GBKV0uk+1gI=
github.com/Thanhphan1147/root-mn v0.1.10 h1:fgngbw13wr7E5aSHoTqMAY0tVOaFMgLV+4hzZc3M/0E=
github.com/Thanhphan1147/root-mn v0.1.10/go.mod h1:fyTS7IhSbJTlESba+lc8ZSZPzLXvpHS4GBKV0uk+1gI=
github.com/Thanhphan1147/root-mn v0.1.11 h1:yUTywYOC78zYk6T+azkh0CjMfaEqs1IfIQRnfzje9kY=
github.com/Thanhphan1147/root-mn v0.1.11/go.mod h1:fyTS7IhSbJTlESba+lc8ZSZPzLXvpHS4GBKV0uk+1gI=
github.com/Thanhphan1147/root-mn v0.1.12 h1:tR27hi7U26T7AqErAO9YvBl/VlXDRsu+DqDYkMxf0bw=
github.com/Thanhphan1147/root-mn v0.1.12/go.mod h1:fyTS7IhSbJTlESba+lc8ZSZPzLXvpHS4GBKV0uk+1gI=
github.com/Thanhphan1147/root-mn v0.1.13 h1:3nu4sc60TeevRueVSYRzXSKi7k++xA3oc3ZDK3HGJ1I=
github.com/Thanhphan1147/root-mn v0.1.13/go.mod h1:fyTS7IhSbJTlESba+lc8ZSZPzLXvpHS4GBKV0uk+1gI=
github.com/Thanhphan1147/root-mn v0.1.14 h1:hTNKbTJphLIlFuDNsuvWIVMcDFyD3JJJjEFaUMLCr98=
github.com/Thanhphan1147/root-mn v0.1.14/go.mod h1:fyTS7IhSbJTlESba+lc8ZSZPzLXvpHS4GBKV0uk+1gI=
github.com/Thanhphan1147/root-mn v0.1.15 h1:B9b8PXj3kMMrfbHwgZ6z0H+jC7zZTDdGX/IuWaxINZQ=
github.com/Thanhphan1147/root-mn v0.1.15/go.mod h1:fyTS7IhSbJTlESba+lc8ZSZPzLXvpHS4GBKV0uk+1gI=
github.com/Thanhphan1147/root-mn v0.1.16 h1:dkS/yFEJKfazztTKEUnGnuwLKo5X2j45+AD0WKsUs7U=
github.com/Thanhphan1147/root-mn v0.1.16/go.mod h1:fyTS7IhSbJTlESba+lc8ZSZPzLXvpHS4GBKV0uk+1gI=
github.com/Thanhphan1147/root-mn v0.1.17 h1:i4tpgF3792Iu4CWI9FIz6mZjtS2+QfGrxaSCIjXZXXo=
github.com/Thanhphan1147/root-mn v0.1.17/go.mod h1:fyTS7IhSbJTlESba+lc8ZSZPzLXvpHS4GBKV0uk+1gI=
github.com/Thanhphan1147/root-mn v0.1.18 h1:TIU6IQfAoQuaRUtfxUCaBnVqIlih1aqqENJNH/2X77E=
github.com/Thanhphan1147/root-mn v0.1.18/go.mod h1:fyTS7IhSbJTlESba+lc8ZSZPzLXvpHS4GBKV0uk+1gI=
